
Microsoft Visual Studio Solution File, Format Version 12.00
# Visual Studio 15
VisualStudioVersion = 15.0.27703.2035
MinimumVisualStudioVersion = 10.0.40219.1
Project("{FAE04EC0-301F-11D3-BF4B-00C04F79EFBC}") = "CashBook", "CashBook\CashBook.csproj", "{999C6D25-532F-49CB-A5F4-C11FE3EB02FE}"
EndProject
Global
	GlobalSection(SolutionConfigurationPlatforms) = preSolution
		Debug|Any CPU = Debug|Any CPU
		Release|Any CPU = Release|Any CPU
	EndGlobalSection
	GlobalSection(ProjectConfigurationPlatforms) = postSolution
		{999C6D25-532F-49CB-A5F4-C11FE3EB02FE}.Debug|Any CPU.ActiveCfg = Debug|Any CPU
		{999C6D25-532F-49CB-A5F4-C11FE3EB02FE}.Debug|Any CPU.Build.0 = Debug|Any CPU
		{999C6D25-532F-49CB-A5F4-C11FE3EB02FE}.Release|Any CPU.ActiveCfg = Release|Any CPU
		{999C6D25-532F-49CB-A5F4-C11FE3EB02FE}.Release|Any CPU.Build.0 = Release|Any CPU
	EndGlobalSection
	GlobalSection(SolutionProperties) = preSolution
		HideSolutionNode = FALSE
	EndGlobalSection
	GlobalSection(ExtensibilityGlobals) = postSolution
		SolutionGuid = {FBDE3662-00B0-4DD7-AE8C-F9C0693A9B06}
	EndGlobalSection
EndGlobal
